
Microsoft Visual Studio Solution File, Format Version 12.00
# Visual Studio Version 17
VisualStudioVersion = 17.7.34221.43
MinimumVisualStudioVersion = 10.0.40219.1
Project("{FAE04EC0-301F-11D3-BF4B-00C04F79EFBC}") = "proglab8", "proglab8.csproj", "{DAF1EDB0-ECEF-41CA-9D58-0AFE527D3C55}"
EndProject
Global
	GlobalSection(SolutionConfigurationPlatforms) = preSolution
		Debug|Any CPU = Debug|Any CPU
		Release|Any CPU = Release|Any CPU
	EndGlobalSection
	GlobalSection(ProjectConfigurationPlatforms) = postSolution
		{DAF1EDB0-ECEF-41CA-9D58-0AFE527D3C55}.Debug|Any CPU.ActiveCfg = Debug|Any CPU
		{DAF1EDB0-ECEF-41CA-9D58-0AFE527D3C55}.Debug|Any CPU.Build.0 = Debug|Any CPU
		{DAF1EDB0-ECEF-41CA-9D58-0AFE527D3C55}.Release|Any CPU.ActiveCfg = Release|Any CPU
		{DAF1EDB0-ECEF-41CA-9D58-0AFE527D3C55}.Release|Any CPU.Build.0 = Release|Any CPU
	EndGlobalSection
	GlobalSection(SolutionProperties) = preSolution
		HideSolutionNode = FALSE
	EndGlobalSection
	GlobalSection(ExtensibilityGlobals) = postSolution
		SolutionGuid = {8EBEF9E5-281B-4CBC-B4DE-A025FB4323A5}
	EndGlobalSection
EndGlobal
